
Microsoft Visual Studio Solution File, Format Version 12.00
# Visual Studio Version 16
VisualStudioVersion = 16.0.29201.188
MinimumVisualStudioVersion = 10.0.40219.1
Project("{FAE04EC0-301F-11D3-BF4B-00C04F79EFBC}") = "XmlReader", "XmlReader\XmlReader.csproj", "{BE3741E8-6325-479E-AF2F-A07B8725A724}"
EndProject
Global
	GlobalSection(SolutionConfigurationPlatforms) = preSolution
		Debug|Any CPU = Debug|Any CPU
		Release|Any CPU = Release|Any CPU
	EndGlobalSection
	GlobalSection(ProjectConfigurationPlatforms) = postSolution
		{BE3741E8-6325-479E-AF2F-A07B8725A724}.Debug|Any CPU.ActiveCfg = Debug|Any CPU
		{BE3741E8-6325-479E-AF2F-A07B8725A724}.Debug|Any CPU.Build.0 = Debug|Any CPU
		{BE3741E8-6325-479E-AF2F-A07B8725A724}.Release|Any CPU.ActiveCfg = Release|Any CPU
		{BE3741E8-6325-479E-AF2F-A07B8725A724}.Release|Any CPU.Build.0 = Release|Any CPU
	EndGlobalSection
	GlobalSection(SolutionProperties) = preSolution
		HideSolutionNode = FALSE
	EndGlobalSection
	GlobalSection(ExtensibilityGlobals) = postSolution
		SolutionGuid = {8F1B27FC-7F6B-4572-9C6F-D607D9BC6349}
	EndGlobalSection
EndGlobal
